
Microsoft Visual Studio Solution File, Format Version 12.00
# Visual Studio 15
VisualStudioVersion = 15.0.28107.0
MinimumVisualStudioVersion = 10.0.40219.1
Project("{FAE04EC0-301F-11D3-BF4B-00C04F79EFBC}") = "BlazorFirstApp", "BlazorFirstApp\BlazorFirstApp.csproj", "{FDEBECE3-796B-4B1B-881E-1FE4A6A85C90}"
EndProject
Global
	GlobalSection(SolutionConfigurationPlatforms) = preSolution
		Debug|Any CPU = Debug|Any CPU
		Release|Any CPU = Release|Any CPU
	EndGlobalSection
	GlobalSection(ProjectConfigurationPlatforms) = postSolution
		{FDEBECE3-796B-4B1B-881E-1FE4A6A85C90}.Debug|Any CPU.ActiveCfg = Debug|Any CPU
		{FDEBECE3-796B-4B1B-881E-1FE4A6A85C90}.Debug|Any CPU.Build.0 = Debug|Any CPU
		{FDEBECE3-796B-4B1B-881E-1FE4A6A85C90}.Release|Any CPU.ActiveCfg = Release|Any CPU
		{FDEBECE3-796B-4B1B-881E-1FE4A6A85C90}.Release|Any CPU.Build.0 = Release|Any CPU
	EndGlobalSection
	GlobalSection(SolutionProperties) = preSolution
		HideSolutionNode = FALSE
	EndGlobalSection
	GlobalSection(ExtensibilityGlobals) = postSolution
		SolutionGuid = {1E77B76E-FCE9-4F97-A8BF-45471589BD90}
	EndGlobalSection
EndGlobal
